
Microsoft Visual Studio Solution File, Format Version 12.00
# Visual Studio Version 17
VisualStudioVersion = 17.0.31903.59
MinimumVisualStudioVersion = 10.0.40219.1
Project("{2150E333-8FDC-42A3-9474-1A3956D46DE8}") = "src", "src", "{827E0CD3-B72D-47B6-A68D-7590B98EB39B}"
EndProject
Project("{FAE04EC0-301F-11D3-BF4B-00C04F79EFBC}") = "SIL.Motif.Contract", "src\SIL.Motif.Contract\SIL.Motif.Contract.csproj", "{471D9D1B-8CCF-46A3-BC03-ED4790AD7262}"
EndProject
Project("{FAE04EC0-301F-11D3-BF4B-00C04F79EFBC}") = "SIL.Motif.Model", "src\SIL.Motif.Model\SIL.Motif.Model.csproj", "{E6F7B12C-735D-468C-8703-4E2F090FE9CD}"
EndProject
Project("{FAE04EC0-301F-11D3-BF4B-00C04F79EFBC}") = "SIL.Motif.Runner", "src\SIL.Motif.Runner\SIL.Motif.Runner.csproj", "{65FCAD25-191C-42DB-B1A7-8472E7CCC2DF}"
EndProject
Project("{FAE04EC0-301F-11D3-BF4B-00C04F79EFBC}") = "SIL.Motif.LiveHost", "src\SIL.Motif.LiveHost\SIL.Motif.LiveHost.csproj", "{FA8932DD-9A46-428B-A638-4CA15DEDC00C}"
EndProject
Project("{FAE04EC0-301F-11D3-BF4B-00C04F79EFBC}") = "SIL.Motif.Host", "src\SIL.Motif.Host\SIL.Motif.Host.csproj", "{634184E3-A1C2-4F7D-B6E2-6649649E1E7A}"
EndProject
Project("{FAE04EC0-301F-11D3-BF4B-00C04F79EFBC}") = "SIL.Motif.Cli", "src\SIL.Motif.Cli\SIL.Motif.Cli.csproj", "{51584F73-5E42-463A-B81A-3CDDA5CF837E}"
EndProject
Project("{FAE04EC0-301F-11D3-BF4B-00C04F79EFBC}") = "SIL.Motif.Commands", "src\SIL.Motif.Commands\SIL.Motif.Commands.csproj", "{B626ACF0-780E-49D3-9E09-276438FC1439}"
EndProject
Project("{FAE04EC0-301F-11D3-BF4B-00C04F79EFBC}") = "SIL.Motif.App", "src\SIL.Motif.App\SIL.Motif.App.csproj", "{3D2FA07D-D8F7-4081-9EF8-757B03656C66}"
EndProject
Project("{2150E333-8FDC-42A3-9474-1A3956D46DE8}") = "tests", "tests", "{0AB3BF05-4346-4AA6-1389-037BE0695223}"
EndProject
Project("{2150E333-8FDC-42A3-9474-1A3956D46DE8}") = "spikes", "spikes", "{674B3D0D-B3C1-BDFD-64ED-056E74CE37B3}"
EndProject
Project("{FAE04EC0-301F-11D3-BF4B-00C04F79EFBC}") = "SIL.Motif.Spikes.ScratchCache", "spikes\SIL.Motif.Spikes.ScratchCache\SIL.Motif.Spikes.ScratchCache.csproj", "{E4AEB1D7-3DBD-4F35-8B15-AB629463045B}"
EndProject
Project("{FAE04EC0-301F-11D3-BF4B-00C04F79EFBC}") = "SIL.Motif.Spikes.LabelHarvest", "spikes\SIL.Motif.Spikes.LabelHarvest\SIL.Motif.Spikes.LabelHarvest.csproj", "{0B7AEAD4-AD6B-4110-916D-54780F8F44C1}"
EndProject
Project("{FAE04EC0-301F-11D3-BF4B-00C04F79EFBC}") = "SIL.Motif.Generator", "src\SIL.Motif.Generator\SIL.Motif.Generator.csproj", "{A87F83C4-E3B3-4FAE-81E4-783C9E4FEC74}"
EndProject
Project("{FAE04EC0-301F-11D3-BF4B-00C04F79EFBC}") = "SIL.Motif.Projection", "src\SIL.Motif.Projection\SIL.Motif.Projection.csproj", "{81AAA837-CEA1-40AD-BD02-775C90B272BC}"
EndProject
Project("{FAE04EC0-301F-11D3-BF4B-00C04F79EFBC}") = "SIL.Motif.Worker", "src\SIL.Motif.Worker\SIL.Motif.Worker.csproj", "{D32DC551-FFB6-401E-A882-528C1CC9DF2D}"
EndProject
Project("{FAE04EC0-301F-11D3-BF4B-00C04F79EFBC}") = "FakePanGloss", "tests\FakePanGloss\FakePanGloss.csproj", "{B834C53F-DC98-4D53-8902-02A29F9C279C}"
EndProject
Project("{FAE04EC0-301F-11D3-BF4B-00C04F79EFBC}") = "SIL.Motif.Tests.Support", "tests\SIL.Motif.Tests.Support\SIL.Motif.Tests.Support.csproj", "{FFAC1C95-E795-43DD-9CA9-F30D58EF36C0}"
EndProject
Project("{FAE04EC0-301F-11D3-BF4B-00C04F79EFBC}") = "SIL.Motif.Tests.Contract", "tests\SIL.Motif.Tests.Contract\SIL.Motif.Tests.Contract.csproj", "{EAC9A917-5598-4AC1-B4A6-8622BCBF89BB}"
EndProject
Project("{FAE04EC0-301F-11D3-BF4B-00C04F79EFBC}") = "SIL.Motif.Tests.LibLcm", "tests\SIL.Motif.Tests.LibLcm\SIL.Motif.Tests.LibLcm.csproj", "{9A015BDC-5484-4029-95DF-53C3FD4A30DC}"
EndProject
Project("{FAE04EC0-301F-11D3-BF4B-00C04F79EFBC}") = "SIL.Motif.Tests.Commands", "tests\SIL.Motif.Tests.Commands\SIL.Motif.Tests.Commands.csproj", "{E19C88AC-DDD0-4465-B3F9-2F3839B16686}"
EndProject
Project("{FAE04EC0-301F-11D3-BF4B-00C04F79EFBC}") = "SIL.Motif.Tests.Cli", "tests\SIL.Motif.Tests.Cli\SIL.Motif.Tests.Cli.csproj", "{ACFE8C99-0AA5-48CA-B7F4-48BD4A3FA851}"
EndProject
Project("{FAE04EC0-301F-11D3-BF4B-00C04F79EFBC}") = "SIL.Motif.Tests.Worker", "tests\SIL.Motif.Tests.Worker\SIL.Motif.Tests.Worker.csproj", "{A86F0F5F-724F-48CC-9231-D3552146E7CF}"
EndProject
Project("{FAE04EC0-301F-11D3-BF4B-00C04F79EFBC}") = "SIL.Motif.Tests.App", "tests\SIL.Motif.Tests.App\SIL.Motif.Tests.App.csproj", "{39FF3651-B65B-4A13-9031-63FE51C5873A}"
EndProject
Global
	GlobalSection(SolutionConfigurationPlatforms) = preSolution
		Debug|Any CPU = Debug|Any CPU
		Debug|x64 = Debug|x64
		Debug|x86 = Debug|x86
		Release|Any CPU = Release|Any CPU
		Release|x64 = Release|x64
		Release|x86 = Release|x86
	EndGlobalSection
	GlobalSection(ProjectConfigurationPlatforms) = postSolution
		{471D9D1B-8CCF-46A3-BC03-ED4790AD7262}.Debug|Any CPU.ActiveCfg = Debug|Any CPU
		{471D9D1B-8CCF-46A3-BC03-ED4790AD7262}.Debug|Any CPU.Build.0 = Debug|Any CPU
		{471D9D1B-8CCF-46A3-BC03-ED4790AD7262}.Debug|x64.ActiveCfg = Debug|Any CPU
		{471D9D1B-8CCF-46A3-BC03-ED4790AD7262}.Debug|x64.Build.0 = Debug|Any CPU
		{471D9D1B-8CCF-46A3-BC03-ED4790AD7262}.Debug|x86.ActiveCfg = Debug|Any CPU
		{471D9D1B-8CCF-46A3-BC03-ED4790AD7262}.Debug|x86.Build.0 = Debug|Any CPU
		{471D9D1B-8CCF-46A3-BC03-ED4790AD7262}.Release|Any CPU.ActiveCfg = Release|Any CPU
		{471D9D1B-8CCF-46A3-BC03-ED4790AD7262}.Release|Any CPU.Build.0 = Release|Any CPU
		{471D9D1B-8CCF-46A3-BC03-ED4790AD7262}.Release|x64.ActiveCfg = Release|Any CPU
		{471D9D1B-8CCF-46A3-BC03-ED4790AD7262}.Release|x64.Build.0 = Release|Any CPU
		{471D9D1B-8CCF-46A3-BC03-ED4790AD7262}.Release|x86.ActiveCfg = Release|Any CPU
		{471D9D1B-8CCF-46A3-BC03-ED4790AD7262}.Release|x86.Build.0 = Release|Any CPU
		{E6F7B12C-735D-468C-8703-4E2F090FE9CD}.Debug|Any CPU.ActiveCfg = Debug|Any CPU
		{E6F7B12C-735D-468C-8703-4E2F090FE9CD}.Debug|Any CPU.Build.0 = Debug|Any CPU
		{E6F7B12C-735D-468C-8703-4E2F090FE9CD}.Debug|x64.ActiveCfg = Debug|Any CPU
		{E6F7B12C-735D-468C-8703-4E2F090FE9CD}.Debug|x64.Build.0 = Debug|Any CPU
		{E6F7B12C-735D-468C-8703-4E2F090FE9CD}.Debug|x86.ActiveCfg = Debug|Any CPU
		{E6F7B12C-735D-468C-8703-4E2F090FE9CD}.Debug|x86.Build.0 = Debug|Any CPU
		{E6F7B12C-735D-468C-8703-4E2F090FE9CD}.Release|Any CPU.ActiveCfg = Release|Any CPU
		{E6F7B12C-735D-468C-8703-4E2F090FE9CD}.Release|Any CPU.Build.0 = Release|Any CPU
		{E6F7B12C-735D-468C-8703-4E2F090FE9CD}.Release|x64.ActiveCfg = Release|Any CPU
		{E6F7B12C-735D-468C-8703-4E2F090FE9CD}.Release|x64.Build.0 = Release|Any CPU
		{E6F7B12C-735D-468C-8703-4E2F090FE9CD}.Release|x86.ActiveCfg = Release|Any CPU
		{E6F7B12C-735D-468C-8703-4E2F090FE9CD}.Release|x86.Build.0 = Release|Any CPU
		{65FCAD25-191C-42DB-B1A7-8472E7CCC2DF}.Debug|Any CPU.ActiveCfg = Debug|Any CPU
		{65FCAD25-191C-42DB-B1A7-8472E7CCC2DF}.Debug|Any CPU.Build.0 = Debug|Any CPU
		{65FCAD25-191C-42DB-B1A7-8472E7CCC2DF}.Debug|x64.ActiveCfg = Debug|Any CPU
		{65FCAD25-191C-42DB-B1A7-8472E7CCC2DF}.Debug|x64.Build.0 = Debug|Any CPU
		{65FCAD25-191C-42DB-B1A7-8472E7CCC2DF}.Debug|x86.ActiveCfg = Debug|Any CPU
		{65FCAD25-191C-42DB-B1A7-8472E7CCC2DF}.Debug|x86.Build.0 = Debug|Any CPU
		{65FCAD25-191C-42DB-B1A7-8472E7CCC2DF}.Release|Any CPU.ActiveCfg = Release|Any CPU
		{65FCAD25-191C-42DB-B1A7-8472E7CCC2DF}.Release|Any CPU.Build.0 = Release|Any CPU
		{65FCAD25-191C-42DB-B1A7-8472E7CCC2DF}.Release|x64.ActiveCfg = Release|Any CPU
		{65FCAD25-191C-42DB-B1A7-8472E7CCC2DF}.Release|x64.Build.0 = Release|Any CPU
		{65FCAD25-191C-42DB-B1A7-8472E7CCC2DF}.Release|x86.ActiveCfg = Release|Any CPU
		{65FCAD25-191C-42DB-B1A7-8472E7CCC2DF}.Release|x86.Build.0 = Release|Any CPU
		{FA8932DD-9A46-428B-A638-4CA15DEDC00C}.Debug|Any CPU.ActiveCfg = Debug|Any CPU
		{FA8932DD-9A46-428B-A638-4CA15DEDC00C}.Debug|Any CPU.Build.0 = Debug|Any CPU
		{FA8932DD-9A46-428B-A638-4CA15DEDC00C}.Debug|x64.ActiveCfg = Debug|Any CPU
		{FA8932DD-9A46-428B-A638-4CA15DEDC00C}.Debug|x64.Build.0 = Debug|Any CPU
		{FA8932DD-9A46-428B-A638-4CA15DEDC00C}.Debug|x86.ActiveCfg = Debug|Any CPU
		{FA8932DD-9A46-428B-A638-4CA15DEDC00C}.Debug|x86.Build.0 = Debug|Any CPU
		{FA8932DD-9A46-428B-A638-4CA15DEDC00C}.Release|Any CPU.ActiveCfg = Release|Any CPU
		{FA8932DD-9A46-428B-A638-4CA15DEDC00C}.Release|Any CPU.Build.0 = Release|Any CPU
		{FA8932DD-9A46-428B-A638-4CA15DEDC00C}.Release|x64.ActiveCfg = Release|Any CPU
		{FA8932DD-9A46-428B-A638-4CA15DEDC00C}.Release|x64.Build.0 = Release|Any CPU
		{FA8932DD-9A46-428B-A638-4CA15DEDC00C}.Release|x86.ActiveCfg = Release|Any CPU
		{FA8932DD-9A46-428B-A638-4CA15DEDC00C}.Release|x86.Build.0 = Release|Any CPU
		{634184E3-A1C2-4F7D-B6E2-6649649E1E7A}.Debug|Any CPU.ActiveCfg = Debug|Any CPU
		{634184E3-A1C2-4F7D-B6E2-6649649E1E7A}.Debug|Any CPU.Build.0 = Debug|Any CPU
		{634184E3-A1C2-4F7D-B6E2-6649649E1E7A}.Debug|x64.ActiveCfg = Debug|Any CPU
		{634184E3-A1C2-4F7D-B6E2-6649649E1E7A}.Debug|x64.Build.0 = Debug|Any CPU
		{634184E3-A1C2-4F7D-B6E2-6649649E1E7A}.Debug|x86.ActiveCfg = Debug|Any CPU
		{634184E3-A1C2-4F7D-B6E2-6649649E1E7A}.Debug|x86.Build.0 = Debug|Any CPU
		{634184E3-A1C2-4F7D-B6E2-6649649E1E7A}.Release|Any CPU.ActiveCfg = Release|Any CPU
		{634184E3-A1C2-4F7D-B6E2-6649649E1E7A}.Release|Any CPU.Build.0 = Release|Any CPU
		{634184E3-A1C2-4F7D-B6E2-6649649E1E7A}.Release|x64.ActiveCfg = Release|Any CPU
		{634184E3-A1C2-4F7D-B6E2-6649649E1E7A}.Release|x64.Build.0 = Release|Any CPU
		{634184E3-A1C2-4F7D-B6E2-6649649E1E7A}.Release|x86.ActiveCfg = Release|Any CPU
		{634184E3-A1C2-4F7D-B6E2-6649649E1E7A}.Release|x86.Build.0 = Release|Any CPU
		{51584F73-5E42-463A-B81A-3CDDA5CF837E}.Debug|Any CPU.ActiveCfg = Debug|Any CPU
		{51584F73-5E42-463A-B81A-3CDDA5CF837E}.Debug|Any CPU.Build.0 = Debug|Any CPU
		{51584F73-5E42-463A-B81A-3CDDA5CF837E}.Debug|x64.ActiveCfg = Debug|Any CPU
		{51584F73-5E42-463A-B81A-3CDDA5CF837E}.Debug|x64.Build.0 = Debug|Any CPU
		{51584F73-5E42-463A-B81A-3CDDA5CF837E}.Debug|x86.ActiveCfg = Debug|Any CPU
		{51584F73-5E42-463A-B81A-3CDDA5CF837E}.Debug|x86.Build.0 = Debug|Any CPU
		{51584F73-5E42-463A-B81A-3CDDA5CF837E}.Release|Any CPU.ActiveCfg = Release|Any CPU
		{51584F73-5E42-463A-B81A-3CDDA5CF837E}.Release|Any CPU.Build.0 = Release|Any CPU
		{51584F73-5E42-463A-B81A-3CDDA5CF837E}.Release|x64.ActiveCfg = Release|Any CPU
		{51584F73-5E42-463A-B81A-3CDDA5CF837E}.Release|x64.Build.0 = Release|Any CPU
		{51584F73-5E42-463A-B81A-3CDDA5CF837E}.Release|x86.ActiveCfg = Release|Any CPU
		{51584F73-5E42-463A-B81A-3CDDA5CF837E}.Release|x86.Build.0 = Release|Any CPU
		{B626ACF0-780E-49D3-9E09-276438FC1439}.Debug|Any CPU.ActiveCfg = Debug|Any CPU
		{B626ACF0-780E-49D3-9E09-276438FC1439}.Debug|Any CPU.Build.0 = Debug|Any CPU
		{B626ACF0-780E-49D3-9E09-276438FC1439}.Debug|x64.ActiveCfg = Debug|Any CPU
		{B626ACF0-780E-49D3-9E09-276438FC1439}.Debug|x64.Build.0 = Debug|Any CPU
		{B626ACF0-780E-49D3-9E09-276438FC1439}.Debug|x86.ActiveCfg = Debug|Any CPU
		{B626ACF0-780E-49D3-9E09-276438FC1439}.Debug|x86.Build.0 = Debug|Any CPU
		{B626ACF0-780E-49D3-9E09-276438FC1439}.Release|Any CPU.ActiveCfg = Release|Any CPU
		{B626ACF0-780E-49D3-9E09-276438FC1439}.Release|Any CPU.Build.0 = Release|Any CPU
		{B626ACF0-780E-49D3-9E09-276438FC1439}.Release|x64.ActiveCfg = Release|Any CPU
		{B626ACF0-780E-49D3-9E09-276438FC1439}.Release|x64.Build.0 = Release|Any CPU
		{B626ACF0-780E-49D3-9E09-276438FC1439}.Release|x86.ActiveCfg = Release|Any CPU
		{B626ACF0-780E-49D3-9E09-276438FC1439}.Release|x86.Build.0 = Release|Any CPU
		{3D2FA07D-D8F7-4081-9EF8-757B03656C66}.Debug|Any CPU.ActiveCfg = Debug|Any CPU
		{3D2FA07D-D8F7-4081-9EF8-757B03656C66}.Debug|Any CPU.Build.0 = Debug|Any CPU
		{3D2FA07D-D8F7-4081-9EF8-757B03656C66}.Debug|x64.ActiveCfg = Debug|Any CPU
		{3D2FA07D-D8F7-4081-9EF8-757B03656C66}.Debug|x64.Build.0 = Debug|Any CPU
		{3D2FA07D-D8F7-4081-9EF8-757B03656C66}.Debug|x86.ActiveCfg = Debug|Any CPU
		{3D2FA07D-D8F7-4081-9EF8-757B03656C66}.Debug|x86.Build.0 = Debug|Any CPU
		{3D2FA07D-D8F7-4081-9EF8-757B03656C66}.Release|Any CPU.ActiveCfg = Release|Any CPU
		{3D2FA07D-D8F7-4081-9EF8-757B03656C66}.Release|Any CPU.Build.0 = Release|Any CPU
		{3D2FA07D-D8F7-4081-9EF8-757B03656C66}.Release|x64.ActiveCfg = Release|Any CPU
		{3D2FA07D-D8F7-4081-9EF8-757B03656C66}.Release|x64.Build.0 = Release|Any CPU
		{3D2FA07D-D8F7-4081-9EF8-757B03656C66}.Release|x86.ActiveCfg = Release|Any CPU
		{3D2FA07D-D8F7-4081-9EF8-757B03656C66}.Release|x86.Build.0 = Release|Any CPU
		{E4AEB1D7-3DBD-4F35-8B15-AB629463045B}.Debug|Any CPU.ActiveCfg = Debug|Any CPU
		{E4AEB1D7-3DBD-4F35-8B15-AB629463045B}.Debug|Any CPU.Build.0 = Debug|Any CPU
		{E4AEB1D7-3DBD-4F35-8B15-AB629463045B}.Debug|x64.ActiveCfg = Debug|Any CPU
		{E4AEB1D7-3DBD-4F35-8B15-AB629463045B}.Debug|x64.Build.0 = Debug|Any CPU
		{E4AEB1D7-3DBD-4F35-8B15-AB629463045B}.Debug|x86.ActiveCfg = Debug|Any CPU
		{E4AEB1D7-3DBD-4F35-8B15-AB629463045B}.Debug|x86.Build.0 = Debug|Any CPU
		{E4AEB1D7-3DBD-4F35-8B15-AB629463045B}.Release|Any CPU.ActiveCfg = Release|Any CPU
		{E4AEB1D7-3DBD-4F35-8B15-AB629463045B}.Release|Any CPU.Build.0 = Release|Any CPU
		{E4AEB1D7-3DBD-4F35-8B15-AB629463045B}.Release|x64.ActiveCfg = Release|Any CPU
		{E4AEB1D7-3DBD-4F35-8B15-AB629463045B}.Release|x64.Build.0 = Release|Any CPU
		{E4AEB1D7-3DBD-4F35-8B15-AB629463045B}.Release|x86.ActiveCfg = Release|Any CPU
		{E4AEB1D7-3DBD-4F35-8B15-AB629463045B}.Release|x86.Build.0 = Release|Any CPU
		{0B7AEAD4-AD6B-4110-916D-54780F8F44C1}.Debug|Any CPU.ActiveCfg = Debug|Any CPU
		{0B7AEAD4-AD6B-4110-916D-54780F8F44C1}.Debug|Any CPU.Build.0 = Debug|Any CPU
		{0B7AEAD4-AD6B-4110-916D-54780F8F44C1}.Debug|x64.ActiveCfg = Debug|Any CPU
		{0B7AEAD4-AD6B-4110-916D-54780F8F44C1}.Debug|x64.Build.0 = Debug|Any CPU
		{0B7AEAD4-AD6B-4110-916D-54780F8F44C1}.Debug|x86.ActiveCfg = Debug|Any CPU
		{0B7AEAD4-AD6B-4110-916D-54780F8F44C1}.Debug|x86.Build.0 = Debug|Any CPU
		{0B7AEAD4-AD6B-4110-916D-54780F8F44C1}.Release|Any CPU.ActiveCfg = Release|Any CPU
		{0B7AEAD4-AD6B-4110-916D-54780F8F44C1}.Release|Any CPU.Build.0 = Release|Any CPU
		{0B7AEAD4-AD6B-4110-916D-54780F8F44C1}.Release|x64.ActiveCfg = Release|Any CPU
		{0B7AEAD4-AD6B-4110-916D-54780F8F44C1}.Release|x64.Build.0 = Release|Any CPU
		{0B7AEAD4-AD6B-4110-916D-54780F8F44C1}.Release|x86.ActiveCfg = Release|Any CPU
		{0B7AEAD4-AD6B-4110-916D-54780F8F44C1}.Release|x86.Build.0 = Release|Any CPU
		{A87F83C4-E3B3-4FAE-81E4-783C9E4FEC74}.Debug|Any CPU.ActiveCfg = Debug|Any CPU
		{A87F83C4-E3B3-4FAE-81E4-783C9E4FEC74}.Debug|Any CPU.Build.0 = Debug|Any CPU
		{A87F83C4-E3B3-4FAE-81E4-783C9E4FEC74}.Debug|x64.ActiveCfg = Debug|Any CPU
		{A87F83C4-E3B3-4FAE-81E4-783C9E4FEC74}.Debug|x64.Build.0 = Debug|Any CPU
		{A87F83C4-E3B3-4FAE-81E4-783C9E4FEC74}.Debug|x86.ActiveCfg = Debug|Any CPU
		{A87F83C4-E3B3-4FAE-81E4-783C9E4FEC74}.Debug|x86.Build.0 = Debug|Any CPU
		{A87F83C4-E3B3-4FAE-81E4-783C9E4FEC74}.Release|Any CPU.ActiveCfg = Release|Any CPU
		{A87F83C4-E3B3-4FAE-81E4-783C9E4FEC74}.Release|Any CPU.Build.0 = Release|Any CPU
		{A87F83C4-E3B3-4FAE-81E4-783C9E4FEC74}.Release|x64.ActiveCfg = Release|Any CPU
		{A87F83C4-E3B3-4FAE-81E4-783C9E4FEC74}.Release|x64.Build.0 = Release|Any CPU
		{A87F83C4-E3B3-4FAE-81E4-783C9E4FEC74}.Release|x86.ActiveCfg = Release|Any CPU
		{A87F83C4-E3B3-4FAE-81E4-783C9E4FEC74}.Release|x86.Build.0 = Release|Any CPU
		{81AAA837-CEA1-40AD-BD02-775C90B272BC}.Debug|Any CPU.ActiveCfg = Debug|Any CPU
		{81AAA837-CEA1-40AD-BD02-775C90B272BC}.Debug|Any CPU.Build.0 = Debug|Any CPU
		{81AAA837-CEA1-40AD-BD02-775C90B272BC}.Debug|x64.ActiveCfg = Debug|Any CPU
		{81AAA837-CEA1-40AD-BD02-775C90B272BC}.Debug|x64.Build.0 = Debug|Any CPU
		{81AAA837-CEA1-40AD-BD02-775C90B272BC}.Debug|x86.ActiveCfg = Debug|Any CPU
		{81AAA837-CEA1-40AD-BD02-775C90B272BC}.Debug|x86.Build.0 = Debug|Any CPU
		{81AAA837-CEA1-40AD-BD02-775C90B272BC}.Release|Any CPU.ActiveCfg = Release|Any CPU
		{81AAA837-CEA1-40AD-BD02-775C90B272BC}.Release|Any CPU.Build.0 = Release|Any CPU
		{81AAA837-CEA1-40AD-BD02-775C90B272BC}.Release|x64.ActiveCfg = Release|Any CPU
		{81AAA837-CEA1-40AD-BD02-775C90B272BC}.Release|x64.Build.0 = Release|Any CPU
		{81AAA837-CEA1-40AD-BD02-775C90B272BC}.Release|x86.ActiveCfg = Release|Any CPU
		{81AAA837-CEA1-40AD-BD02-775C90B272BC}.Release|x86.Build.0 = Release|Any CPU
		{D32DC551-FFB6-401E-A882-528C1CC9DF2D}.Debug|Any CPU.ActiveCfg = Debug|Any CPU
		{D32DC551-FFB6-401E-A882-528C1CC9DF2D}.Debug|Any CPU.Build.0 = Debug|Any CPU
		{D32DC551-FFB6-401E-A882-528C1CC9DF2D}.Debug|x64.ActiveCfg = Debug|Any CPU
		{D32DC551-FFB6-401E-A882-528C1CC9DF2D}.Debug|x64.Build.0 = Debug|Any CPU
		{D32DC551-FFB6-401E-A882-528C1CC9DF2D}.Debug|x86.ActiveCfg = Debug|Any CPU
		{D32DC551-FFB6-401E-A882-528C1CC9DF2D}.Debug|x86.Build.0 = Debug|Any CPU
		{D32DC551-FFB6-401E-A882-528C1CC9DF2D}.Release|Any CPU.ActiveCfg = Release|Any CPU
		{D32DC551-FFB6-401E-A882-528C1CC9DF2D}.Release|Any CPU.Build.0 = Release|Any CPU
		{D32DC551-FFB6-401E-A882-528C1CC9DF2D}.Release|x64.ActiveCfg = Release|Any CPU
		{D32DC551-FFB6-401E-A882-528C1CC9DF2D}.Release|x64.Build.0 = Release|Any CPU
		{D32DC551-FFB6-401E-A882-528C1CC9DF2D}.Release|x86.ActiveCfg = Release|Any CPU
		{D32DC551-FFB6-401E-A882-528C1CC9DF2D}.Release|x86.Build.0 = Release|Any CPU
		{B834C53F-DC98-4D53-8902-02A29F9C279C}.Debug|Any CPU.ActiveCfg = Debug|Any CPU
		{B834C53F-DC98-4D53-8902-02A29F9C279C}.Debug|Any CPU.Build.0 = Debug|Any CPU
		{B834C53F-DC98-4D53-8902-02A29F9C279C}.Debug|x64.ActiveCfg = Debug|Any CPU
		{B834C53F-DC98-4D53-8902-02A29F9C279C}.Debug|x64.Build.0 = Debug|Any CPU
		{B834C53F-DC98-4D53-8902-02A29F9C279C}.Debug|x86.ActiveCfg = Debug|Any CPU
		{B834C53F-DC98-4D53-8902-02A29F9C279C}.Debug|x86.Build.0 = Debug|Any CPU
		{B834C53F-DC98-4D53-8902-02A29F9C279C}.Release|Any CPU.ActiveCfg = Release|Any CPU
		{B834C53F-DC98-4D53-8902-02A29F9C279C}.Release|Any CPU.Build.0 = Release|Any CPU
		{B834C53F-DC98-4D53-8902-02A29F9C279C}.Release|x64.ActiveCfg = Release|Any CPU
		{B834C53F-DC98-4D53-8902-02A29F9C279C}.Release|x64.Build.0 = Release|Any CPU
		{B834C53F-DC98-4D53-8902-02A29F9C279C}.Release|x86.ActiveCfg = Release|Any CPU
		{B834C53F-DC98-4D53-8902-02A29F9C279C}.Release|x86.Build.0 = Release|Any CPU
		{FFAC1C95-E795-43DD-9CA9-F30D58EF36C0}.Debug|Any CPU.ActiveCfg = Debug|Any CPU
		{FFAC1C95-E795-43DD-9CA9-F30D58EF36C0}.Debug|Any CPU.Build.0 = Debug|Any CPU
		{FFAC1C95-E795-43DD-9CA9-F30D58EF36C0}.Debug|x64.ActiveCfg = Debug|Any CPU
		{FFAC1C95-E795-43DD-9CA9-F30D58EF36C0}.Debug|x64.Build.0 = Debug|Any CPU
		{FFAC1C95-E795-43DD-9CA9-F30D58EF36C0}.Debug|x86.ActiveCfg = Debug|Any CPU
		{FFAC1C95-E795-43DD-9CA9-F30D58EF36C0}.Debug|x86.Build.0 = Debug|Any CPU
		{FFAC1C95-E795-43DD-9CA9-F30D58EF36C0}.Release|Any CPU.ActiveCfg = Release|Any CPU
		{FFAC1C95-E795-43DD-9CA9-F30D58EF36C0}.Release|Any CPU.Build.0 = Release|Any CPU
		{FFAC1C95-E795-43DD-9CA9-F30D58EF36C0}.Release|x64.ActiveCfg = Release|Any CPU
		{FFAC1C95-E795-43DD-9CA9-F30D58EF36C0}.Release|x64.Build.0 = Release|Any CPU
		{FFAC1C95-E795-43DD-9CA9-F30D58EF36C0}.Release|x86.ActiveCfg = Release|Any CPU
		{FFAC1C95-E795-43DD-9CA9-F30D58EF36C0}.Release|x86.Build.0 = Release|Any CPU
		{EAC9A917-5598-4AC1-B4A6-8622BCBF89BB}.Debug|Any CPU.ActiveCfg = Debug|Any CPU
		{EAC9A917-5598-4AC1-B4A6-8622BCBF89BB}.Debug|Any CPU.Build.0 = Debug|Any CPU
		{EAC9A917-5598-4AC1-B4A6-8622BCBF89BB}.Debug|x64.ActiveCfg = Debug|Any CPU
		{EAC9A917-5598-4AC1-B4A6-8622BCBF89BB}.Debug|x64.Build.0 = Debug|Any CPU
		{EAC9A917-5598-4AC1-B4A6-8622BCBF89BB}.Debug|x86.ActiveCfg = Debug|Any CPU
		{EAC9A917-5598-4AC1-B4A6-8622BCBF89BB}.Debug|x86.Build.0 = Debug|Any CPU
		{EAC9A917-5598-4AC1-B4A6-8622BCBF89BB}.Release|Any CPU.ActiveCfg = Release|Any CPU
		{EAC9A917-5598-4AC1-B4A6-8622BCBF89BB}.Release|Any CPU.Build.0 = Release|Any CPU
		{EAC9A917-5598-4AC1-B4A6-8622BCBF89BB}.Release|x64.ActiveCfg = Release|Any CPU
		{EAC9A917-5598-4AC1-B4A6-8622BCBF89BB}.Release|x64.Build.0 = Release|Any CPU
		{EAC9A917-5598-4AC1-B4A6-8622BCBF89BB}.Release|x86.ActiveCfg = Release|Any CPU
		{EAC9A917-5598-4AC1-B4A6-8622BCBF89BB}.Release|x86.Build.0 = Release|Any CPU
		{9A015BDC-5484-4029-95DF-53C3FD4A30DC}.Debug|Any CPU.ActiveCfg = Debug|Any CPU
		{9A015BDC-5484-4029-95DF-53C3FD4A30DC}.Debug|Any CPU.Build.0 = Debug|Any CPU
		{9A015BDC-5484-4029-95DF-53C3FD4A30DC}.Debug|x64.ActiveCfg = Debug|Any CPU
		{9A015BDC-5484-4029-95DF-53C3FD4A30DC}.Debug|x64.Build.0 = Debug|Any CPU
		{9A015BDC-5484-4029-95DF-53C3FD4A30DC}.Debug|x86.ActiveCfg = Debug|Any CPU
		{9A015BDC-5484-4029-95DF-53C3FD4A30DC}.Debug|x86.Build.0 = Debug|Any CPU
		{9A015BDC-5484-4029-95DF-53C3FD4A30DC}.Release|Any CPU.ActiveCfg = Release|Any CPU
		{9A015BDC-5484-4029-95DF-53C3FD4A30DC}.Release|Any CPU.Build.0 = Release|Any CPU
		{9A015BDC-5484-4029-95DF-53C3FD4A30DC}.Release|x64.ActiveCfg = Release|Any CPU
		{9A015BDC-5484-4029-95DF-53C3FD4A30DC}.Release|x64.Build.0 = Release|Any CPU
		{9A015BDC-5484-4029-95DF-53C3FD4A30DC}.Release|x86.ActiveCfg = Release|Any CPU
		{9A015BDC-5484-4029-95DF-53C3FD4A30DC}.Release|x86.Build.0 = Release|Any CPU
		{E19C88AC-DDD0-4465-B3F9-2F3839B16686}.Debug|Any CPU.ActiveCfg = Debug|Any CPU
		{E19C88AC-DDD0-4465-B3F9-2F3839B16686}.Debug|Any CPU.Build.0 = Debug|Any CPU
		{E19C88AC-DDD0-4465-B3F9-2F3839B16686}.Debug|x64.ActiveCfg = Debug|Any CPU
		{E19C88AC-DDD0-4465-B3F9-2F3839B16686}.Debug|x64.Build.0 = Debug|Any CPU
		{E19C88AC-DDD0-4465-B3F9-2F3839B16686}.Debug|x86.ActiveCfg = Debug|Any CPU
		{E19C88AC-DDD0-4465-B3F9-2F3839B16686}.Debug|x86.Build.0 = Debug|Any CPU
		{E19C88AC-DDD0-4465-B3F9-2F3839B16686}.Release|Any CPU.ActiveCfg = Release|Any CPU
		{E19C88AC-DDD0-4465-B3F9-2F3839B16686}.Release|Any CPU.Build.0 = Release|Any CPU
		{E19C88AC-DDD0-4465-B3F9-2F3839B16686}.Release|x64.ActiveCfg = Release|Any CPU
		{E19C88AC-DDD0-4465-B3F9-2F3839B16686}.Release|x64.Build.0 = Release|Any CPU
		{E19C88AC-DDD0-4465-B3F9-2F3839B16686}.Release|x86.ActiveCfg = Release|Any CPU
		{E19C88AC-DDD0-4465-B3F9-2F3839B16686}.Release|x86.Build.0 = Release|Any CPU
		{ACFE8C99-0AA5-48CA-B7F4-48BD4A3FA851}.Debug|Any CPU.ActiveCfg = Debug|Any CPU
		{ACFE8C99-0AA5-48CA-B7F4-48BD4A3FA851}.Debug|Any CPU.Build.0 = Debug|Any CPU
		{ACFE8C99-0AA5-48CA-B7F4-48BD4A3FA851}.Debug|x64.ActiveCfg = Debug|Any CPU
		{ACFE8C99-0AA5-48CA-B7F4-48BD4A3FA851}.Debug|x64.Build.0 = Debug|Any CPU
		{ACFE8C99-0AA5-48CA-B7F4-48BD4A3FA851}.Debug|x86.ActiveCfg = Debug|Any CPU
		{ACFE8C99-0AA5-48CA-B7F4-48BD4A3FA851}.Debug|x86.Build.0 = Debug|Any CPU
		{ACFE8C99-0AA5-48CA-B7F4-48BD4A3FA851}.Release|Any CPU.ActiveCfg = Release|Any CPU
		{ACFE8C99-0AA5-48CA-B7F4-48BD4A3FA851}.Release|Any CPU.Build.0 = Release|Any CPU
		{ACFE8C99-0AA5-48CA-B7F4-48BD4A3FA851}.Release|x64.ActiveCfg = Release|Any CPU
		{ACFE8C99-0AA5-48CA-B7F4-48BD4A3FA851}.Release|x64.Build.0 = Release|Any CPU
		{ACFE8C99-0AA5-48CA-B7F4-48BD4A3FA851}.Release|x86.ActiveCfg = Release|Any CPU
		{ACFE8C99-0AA5-48CA-B7F4-48BD4A3FA851}.Release|x86.Build.0 = Release|Any CPU
		{A86F0F5F-724F-48CC-9231-D3552146E7CF}.Debug|Any CPU.ActiveCfg = Debug|Any CPU
		{A86F0F5F-724F-48CC-9231-D3552146E7CF}.Debug|Any CPU.Build.0 = Debug|Any CPU
		{A86F0F5F-724F-48CC-9231-D3552146E7CF}.Debug|x64.ActiveCfg = Debug|Any CPU
		{A86F0F5F-724F-48CC-9231-D3552146E7CF}.Debug|x64.Build.0 = Debug|Any CPU
		{A86F0F5F-724F-48CC-9231-D3552146E7CF}.Debug|x86.ActiveCfg = Debug|Any CPU
		{A86F0F5F-724F-48CC-9231-D3552146E7CF}.Debug|x86.Build.0 = Debug|Any CPU
		{A86F0F5F-724F-48CC-9231-D3552146E7CF}.Release|Any CPU.ActiveCfg = Release|Any CPU
		{A86F0F5F-724F-48CC-9231-D3552146E7CF}.Release|Any CPU.Build.0 = Release|Any CPU
		{A86F0F5F-724F-48CC-9231-D3552146E7CF}.Release|x64.ActiveCfg = Release|Any CPU
		{A86F0F5F-724F-48CC-9231-D3552146E7CF}.Release|x64.Build.0 = Release|Any CPU
		{A86F0F5F-724F-48CC-9231-D3552146E7CF}.Release|x86.ActiveCfg = Release|Any CPU
		{A86F0F5F-724F-48CC-9231-D3552146E7CF}.Release|x86.Build.0 = Release|Any CPU
		{39FF3651-B65B-4A13-9031-63FE51C5873A}.Debug|Any CPU.ActiveCfg = Debug|Any CPU
		{39FF3651-B65B-4A13-9031-63FE51C5873A}.Debug|Any CPU.Build.0 = Debug|Any CPU
		{39FF3651-B65B-4A13-9031-63FE51C5873A}.Debug|x64.ActiveCfg = Debug|Any CPU
		{39FF3651-B65B-4A13-9031-63FE51C5873A}.Debug|x64.Build.0 = Debug|Any CPU
		{39FF3651-B65B-4A13-9031-63FE51C5873A}.Debug|x86.ActiveCfg = Debug|Any CPU
		{39FF3651-B65B-4A13-9031-63FE51C5873A}.Debug|x86.Build.0 = Debug|Any CPU
		{39FF3651-B65B-4A13-9031-63FE51C5873A}.Release|Any CPU.ActiveCfg = Release|Any CPU
		{39FF3651-B65B-4A13-9031-63FE51C5873A}.Release|Any CPU.Build.0 = Release|Any CPU
		{39FF3651-B65B-4A13-9031-63FE51C5873A}.Release|x64.ActiveCfg = Release|Any CPU
		{39FF3651-B65B-4A13-9031-63FE51C5873A}.Release|x64.Build.0 = Release|Any CPU
		{39FF3651-B65B-4A13-9031-63FE51C5873A}.Release|x86.ActiveCfg = Release|Any CPU
		{39FF3651-B65B-4A13-9031-63FE51C5873A}.Release|x86.Build.0 = Release|Any CPU
	EndGlobalSection
	GlobalSection(SolutionProperties) = preSolution
		HideSolutionNode = FALSE
	EndGlobalSection
	GlobalSection(NestedProjects) = preSolution
		{471D9D1B-8CCF-46A3-BC03-ED4790AD7262} = {827E0CD3-B72D-47B6-A68D-7590B98EB39B}
		{E6F7B12C-735D-468C-8703-4E2F090FE9CD} = {827E0CD3-B72D-47B6-A68D-7590B98EB39B}
		{65FCAD25-191C-42DB-B1A7-8472E7CCC2DF} = {827E0CD3-B72D-47B6-A68D-7590B98EB39B}
		{FA8932DD-9A46-428B-A638-4CA15DEDC00C} = {827E0CD3-B72D-47B6-A68D-7590B98EB39B}
		{634184E3-A1C2-4F7D-B6E2-6649649E1E7A} = {827E0CD3-B72D-47B6-A68D-7590B98EB39B}
		{51584F73-5E42-463A-B81A-3CDDA5CF837E} = {827E0CD3-B72D-47B6-A68D-7590B98EB39B}
		{B626ACF0-780E-49D3-9E09-276438FC1439} = {827E0CD3-B72D-47B6-A68D-7590B98EB39B}
		{3D2FA07D-D8F7-4081-9EF8-757B03656C66} = {827E0CD3-B72D-47B6-A68D-7590B98EB39B}
		{E4AEB1D7-3DBD-4F35-8B15-AB629463045B} = {674B3D0D-B3C1-BDFD-64ED-056E74CE37B3}
		{0B7AEAD4-AD6B-4110-916D-54780F8F44C1} = {674B3D0D-B3C1-BDFD-64ED-056E74CE37B3}
		{A87F83C4-E3B3-4FAE-81E4-783C9E4FEC74} = {827E0CD3-B72D-47B6-A68D-7590B98EB39B}
		{81AAA837-CEA1-40AD-BD02-775C90B272BC} = {827E0CD3-B72D-47B6-A68D-7590B98EB39B}
		{D32DC551-FFB6-401E-A882-528C1CC9DF2D} = {827E0CD3-B72D-47B6-A68D-7590B98EB39B}
		{B834C53F-DC98-4D53-8902-02A29F9C279C} = {0AB3BF05-4346-4AA6-1389-037BE0695223}
		{FFAC1C95-E795-43DD-9CA9-F30D58EF36C0} = {0AB3BF05-4346-4AA6-1389-037BE0695223}
		{EAC9A917-5598-4AC1-B4A6-8622BCBF89BB} = {0AB3BF05-4346-4AA6-1389-037BE0695223}
		{9A015BDC-5484-4029-95DF-53C3FD4A30DC} = {0AB3BF05-4346-4AA6-1389-037BE0695223}
		{E19C88AC-DDD0-4465-B3F9-2F3839B16686} = {0AB3BF05-4346-4AA6-1389-037BE0695223}
		{ACFE8C99-0AA5-48CA-B7F4-48BD4A3FA851} = {0AB3BF05-4346-4AA6-1389-037BE0695223}
		{A86F0F5F-724F-48CC-9231-D3552146E7CF} = {0AB3BF05-4346-4AA6-1389-037BE0695223}
		{39FF3651-B65B-4A13-9031-63FE51C5873A} = {0AB3BF05-4346-4AA6-1389-037BE0695223}
	EndGlobalSection
EndGlobal
