
Microsoft Visual Studio Solution File, Format Version 12.00
# Visual Studio Version 17
VisualStudioVersion = 17.0.31903.59
MinimumVisualStudioVersion = 10.0.40219.1
Project("{2150E333-8FDC-42A3-9474-1A3956D46DE8}") = "src", "src", "{827E0CD3-B72D-47B6-A68D-7590B98EB39B}"
EndProject
Project("{FAE04EC0-301F-11D3-BF4B-00C04F79EFBC}") = "SIL.Motif.Contract", "src\SIL.Motif.Contract\SIL.Motif.Contract.csproj", "{471D9D1B-8CCF-46A3-BC03-ED4790AD7262}"
EndProject
Project("{FAE04EC0-301F-11D3-BF4B-00C04F79EFBC}") = "SIL.Motif.Model", "src\SIL.Motif.Model\SIL.Motif.Model.csproj", "{E6F7B12C-735D-468C-8703-4E2F090FE9CD}"
EndProject
Project("{FAE04EC0-301F-11D3-BF4B-00C04F79EFBC}") = "SIL.Motif.Runner", "src\SIL.Motif.Runner\SIL.Motif.Runner.csproj", "{65FCAD25-191C-42DB-B1A7-8472E7CCC2DF}"
EndProject
Project("{FAE04EC0-301F-11D3-BF4B-00C04F79EFBC}") = "SIL.Motif.LiveHost", "src\SIL.Motif.LiveHost\SIL.Motif.LiveHost.csproj", "{FA8932DD-9A46-428B-A638-4CA15DEDC00C}"
EndProject
Project("{FAE04EC0-301F-11D3-BF4B-00C04F79EFBC}") = "SIL.Motif.Host", "src\SIL.Motif.Host\SIL.Motif.Host.csproj", "{634184E3-A1C2-4F7D-B6E2-6649649E1E7A}"
EndProject
Project("{FAE04EC0-301F-11D3-BF4B-00C04F79EFBC}") = "SIL.Motif.Cli", "src\SIL.Motif.Cli\SIL.Motif.Cli.csproj", "{51584F73-5E42-463A-B81A-3CDDA5CF837E}"
EndProject
Project("{FAE04EC0-301F-11D3-BF4B-00C04F79EFBC}") = "SIL.Motif.Commands", "src\SIL.Motif.Commands\SIL.Motif.Commands.csproj", "{B626ACF0-780E-49D3-9E09-276438FC1439}"
EndProject
Project("{2150E333-8FDC-42A3-9474-1A3956D46DE8}") = "tests", "tests", "{0AB3BF05-4346-4AA6-1389-037BE0695223}"
EndProject
Project("{FAE04EC0-301F-11D3-BF4B-00C04F79EFBC}") = "SIL.Motif.Tests", "tests\SIL.Motif.Tests\SIL.Motif.Tests.csproj", "{218017F0-7457-49C8-A9A8-4248A6B5D7C2}"
EndProject
Project("{2150E333-8FDC-42A3-9474-1A3956D46DE8}") = "spikes", "spikes", "{674B3D0D-B3C1-BDFD-64ED-056E74CE37B3}"
EndProject
Project("{FAE04EC0-301F-11D3-BF4B-00C04F79EFBC}") = "SIL.Motif.Spikes.ScratchCache", "spikes\SIL.Motif.Spikes.ScratchCache\SIL.Motif.Spikes.ScratchCache.csproj", "{E4AEB1D7-3DBD-4F35-8B15-AB629463045B}"
EndProject
Project("{FAE04EC0-301F-11D3-BF4B-00C04F79EFBC}") = "SIL.Motif.Spikes.LabelHarvest", "spikes\SIL.Motif.Spikes.LabelHarvest\SIL.Motif.Spikes.LabelHarvest.csproj", "{0B7AEAD4-AD6B-4110-916D-54780F8F44C1}"
EndProject
Project("{FAE04EC0-301F-11D3-BF4B-00C04F79EFBC}") = "SIL.Motif.Generator", "src\SIL.Motif.Generator\SIL.Motif.Generator.csproj", "{A87F83C4-E3B3-4FAE-81E4-783C9E4FEC74}"
EndProject
Project("{FAE04EC0-301F-11D3-BF4B-00C04F79EFBC}") = "SIL.Motif.Projection", "src\SIL.Motif.Projection\SIL.Motif.Projection.csproj", "{81AAA837-CEA1-40AD-BD02-775C90B272BC}"
EndProject
Project("{FAE04EC0-301F-11D3-BF4B-00C04F79EFBC}") = "SIL.Motif.Worker", "src\SIL.Motif.Worker\SIL.Motif.Worker.csproj", "{D32DC551-FFB6-401E-A882-528C1CC9DF2D}"
EndProject
Project("{FAE04EC0-301F-11D3-BF4B-00C04F79EFBC}") = "FakePanGloss", "tests\FakePanGloss\FakePanGloss.csproj", "{B834C53F-DC98-4D53-8902-02A29F9C279C}"
EndProject
Global
	GlobalSection(SolutionConfigurationPlatforms) = preSolution
		Debug|Any CPU = Debug|Any CPU
		Debug|x64 = Debug|x64
		Debug|x86 = Debug|x86
		Release|Any CPU = Release|Any CPU
		Release|x64 = Release|x64
		Release|x86 = Release|x86
	EndGlobalSection
	GlobalSection(ProjectConfigurationPlatforms) = postSolution
		{471D9D1B-8CCF-46A3-BC03-ED4790AD7262}.Debug|Any CPU.ActiveCfg = Debug|Any CPU
		{471D9D1B-8CCF-46A3-BC03-ED4790AD7262}.Debug|Any CPU.Build.0 = Debug|Any CPU
		{471D9D1B-8CCF-46A3-BC03-ED4790AD7262}.Debug|x64.ActiveCfg = Debug|Any CPU
		{471D9D1B-8CCF-46A3-BC03-ED4790AD7262}.Debug|x64.Build.0 = Debug|Any CPU
		{471D9D1B-8CCF-46A3-BC03-ED4790AD7262}.Debug|x86.ActiveCfg = Debug|Any CPU
		{471D9D1B-8CCF-46A3-BC03-ED4790AD7262}.Debug|x86.Build.0 = Debug|Any CPU
		{471D9D1B-8CCF-46A3-BC03-ED4790AD7262}.Release|Any CPU.ActiveCfg = Release|Any CPU
		{471D9D1B-8CCF-46A3-BC03-ED4790AD7262}.Release|Any CPU.Build.0 = Release|Any CPU
		{471D9D1B-8CCF-46A3-BC03-ED4790AD7262}.Release|x64.ActiveCfg = Release|Any CPU
		{471D9D1B-8CCF-46A3-BC03-ED4790AD7262}.Release|x64.Build.0 = Release|Any CPU
		{471D9D1B-8CCF-46A3-BC03-ED4790AD7262}.Release|x86.ActiveCfg = Release|Any CPU
		{471D9D1B-8CCF-46A3-BC03-ED4790AD7262}.Release|x86.Build.0 = Release|Any CPU
		{E6F7B12C-735D-468C-8703-4E2F090FE9CD}.Debug|Any CPU.ActiveCfg = Debug|Any CPU
		{E6F7B12C-735D-468C-8703-4E2F090FE9CD}.Debug|Any CPU.Build.0 = Debug|Any CPU
		{E6F7B12C-735D-468C-8703-4E2F090FE9CD}.Debug|x64.ActiveCfg = Debug|Any CPU
		{E6F7B12C-735D-468C-8703-4E2F090FE9CD}.Debug|x64.Build.0 = Debug|Any CPU
		{E6F7B12C-735D-468C-8703-4E2F090FE9CD}.Debug|x86.ActiveCfg = Debug|Any CPU
		{E6F7B12C-735D-468C-8703-4E2F090FE9CD}.Debug|x86.Build.0 = Debug|Any CPU
		{E6F7B12C-735D-468C-8703-4E2F090FE9CD}.Release|Any CPU.ActiveCfg = Release|Any CPU
		{E6F7B12C-735D-468C-8703-4E2F090FE9CD}.Release|Any CPU.Build.0 = Release|Any CPU
		{E6F7B12C-735D-468C-8703-4E2F090FE9CD}.Release|x64.ActiveCfg = Release|Any CPU
		{E6F7B12C-735D-468C-8703-4E2F090FE9CD}.Release|x64.Build.0 = Release|Any CPU
		{E6F7B12C-735D-468C-8703-4E2F090FE9CD}.Release|x86.ActiveCfg = Release|Any CPU
		{E6F7B12C-735D-468C-8703-4E2F090FE9CD}.Release|x86.Build.0 = Release|Any CPU
		{65FCAD25-191C-42DB-B1A7-8472E7CCC2DF}.Debug|Any CPU.ActiveCfg = Debug|Any CPU
		{65FCAD25-191C-42DB-B1A7-8472E7CCC2DF}.Debug|Any CPU.Build.0 = Debug|Any CPU
		{65FCAD25-191C-42DB-B1A7-8472E7CCC2DF}.Debug|x64.ActiveCfg = Debug|Any CPU
		{65FCAD25-191C-42DB-B1A7-8472E7CCC2DF}.Debug|x64.Build.0 = Debug|Any CPU
		{65FCAD25-191C-42DB-B1A7-8472E7CCC2DF}.Debug|x86.ActiveCfg = Debug|Any CPU
		{65FCAD25-191C-42DB-B1A7-8472E7CCC2DF}.Debug|x86.Build.0 = Debug|Any CPU
		{65FCAD25-191C-42DB-B1A7-8472E7CCC2DF}.Release|Any CPU.ActiveCfg = Release|Any CPU
		{65FCAD25-191C-42DB-B1A7-8472E7CCC2DF}.Release|Any CPU.Build.0 = Release|Any CPU
		{65FCAD25-191C-42DB-B1A7-8472E7CCC2DF}.Release|x64.ActiveCfg = Release|Any CPU
		{65FCAD25-191C-42DB-B1A7-8472E7CCC2DF}.Release|x64.Build.0 = Release|Any CPU
		{65FCAD25-191C-42DB-B1A7-8472E7CCC2DF}.Release|x86.ActiveCfg = Release|Any CPU
		{65FCAD25-191C-42DB-B1A7-8472E7CCC2DF}.Release|x86.Build.0 = Release|Any CPU
		{FA8932DD-9A46-428B-A638-4CA15DEDC00C}.Debug|Any CPU.ActiveCfg = Debug|Any CPU
		{FA8932DD-9A46-428B-A638-4CA15DEDC00C}.Debug|Any CPU.Build.0 = Debug|Any CPU
		{FA8932DD-9A46-428B-A638-4CA15DEDC00C}.Debug|x64.ActiveCfg = Debug|Any CPU
		{FA8932DD-9A46-428B-A638-4CA15DEDC00C}.Debug|x64.Build.0 = Debug|Any CPU
		{FA8932DD-9A46-428B-A638-4CA15DEDC00C}.Debug|x86.ActiveCfg = Debug|Any CPU
		{FA8932DD-9A46-428B-A638-4CA15DEDC00C}.Debug|x86.Build.0 = Debug|Any CPU
		{FA8932DD-9A46-428B-A638-4CA15DEDC00C}.Release|Any CPU.ActiveCfg = Release|Any CPU
		{FA8932DD-9A46-428B-A638-4CA15DEDC00C}.Release|Any CPU.Build.0 = Release|Any CPU
		{FA8932DD-9A46-428B-A638-4CA15DEDC00C}.Release|x64.ActiveCfg = Release|Any CPU
		{FA8932DD-9A46-428B-A638-4CA15DEDC00C}.Release|x64.Build.0 = Release|Any CPU
		{FA8932DD-9A46-428B-A638-4CA15DEDC00C}.Release|x86.ActiveCfg = Release|Any CPU
		{FA8932DD-9A46-428B-A638-4CA15DEDC00C}.Release|x86.Build.0 = Release|Any CPU
		{634184E3-A1C2-4F7D-B6E2-6649649E1E7A}.Debug|Any CPU.ActiveCfg = Debug|Any CPU
		{634184E3-A1C2-4F7D-B6E2-6649649E1E7A}.Debug|Any CPU.Build.0 = Debug|Any CPU
		{634184E3-A1C2-4F7D-B6E2-6649649E1E7A}.Debug|x64.ActiveCfg = Debug|Any CPU
		{634184E3-A1C2-4F7D-B6E2-6649649E1E7A}.Debug|x64.Build.0 = Debug|Any CPU
		{634184E3-A1C2-4F7D-B6E2-6649649E1E7A}.Debug|x86.ActiveCfg = Debug|Any CPU
		{634184E3-A1C2-4F7D-B6E2-6649649E1E7A}.Debug|x86.Build.0 = Debug|Any CPU
		{634184E3-A1C2-4F7D-B6E2-6649649E1E7A}.Release|Any CPU.ActiveCfg = Release|Any CPU
		{634184E3-A1C2-4F7D-B6E2-6649649E1E7A}.Release|Any CPU.Build.0 = Release|Any CPU
		{634184E3-A1C2-4F7D-B6E2-6649649E1E7A}.Release|x64.ActiveCfg = Release|Any CPU
		{634184E3-A1C2-4F7D-B6E2-6649649E1E7A}.Release|x64.Build.0 = Release|Any CPU
		{634184E3-A1C2-4F7D-B6E2-6649649E1E7A}.Release|x86.ActiveCfg = Release|Any CPU
		{634184E3-A1C2-4F7D-B6E2-6649649E1E7A}.Release|x86.Build.0 = Release|Any CPU
		{51584F73-5E42-463A-B81A-3CDDA5CF837E}.Debug|Any CPU.ActiveCfg = Debug|Any CPU
		{51584F73-5E42-463A-B81A-3CDDA5CF837E}.Debug|Any CPU.Build.0 = Debug|Any CPU
		{51584F73-5E42-463A-B81A-3CDDA5CF837E}.Debug|x64.ActiveCfg = Debug|Any CPU
		{51584F73-5E42-463A-B81A-3CDDA5CF837E}.Debug|x64.Build.0 = Debug|Any CPU
		{51584F73-5E42-463A-B81A-3CDDA5CF837E}.Debug|x86.ActiveCfg = Debug|Any CPU
		{51584F73-5E42-463A-B81A-3CDDA5CF837E}.Debug|x86.Build.0 = Debug|Any CPU
		{51584F73-5E42-463A-B81A-3CDDA5CF837E}.Release|Any CPU.ActiveCfg = Release|Any CPU
		{51584F73-5E42-463A-B81A-3CDDA5CF837E}.Release|Any CPU.Build.0 = Release|Any CPU
		{51584F73-5E42-463A-B81A-3CDDA5CF837E}.Release|x64.ActiveCfg = Release|Any CPU
		{51584F73-5E42-463A-B81A-3CDDA5CF837E}.Release|x64.Build.0 = Release|Any CPU
		{51584F73-5E42-463A-B81A-3CDDA5CF837E}.Release|x86.ActiveCfg = Release|Any CPU
		{51584F73-5E42-463A-B81A-3CDDA5CF837E}.Release|x86.Build.0 = Release|Any CPU
		{B626ACF0-780E-49D3-9E09-276438FC1439}.Debug|Any CPU.ActiveCfg = Debug|Any CPU
		{B626ACF0-780E-49D3-9E09-276438FC1439}.Debug|Any CPU.Build.0 = Debug|Any CPU
		{B626ACF0-780E-49D3-9E09-276438FC1439}.Debug|x64.ActiveCfg = Debug|Any CPU
		{B626ACF0-780E-49D3-9E09-276438FC1439}.Debug|x64.Build.0 = Debug|Any CPU
		{B626ACF0-780E-49D3-9E09-276438FC1439}.Debug|x86.ActiveCfg = Debug|Any CPU
		{B626ACF0-780E-49D3-9E09-276438FC1439}.Debug|x86.Build.0 = Debug|Any CPU
		{B626ACF0-780E-49D3-9E09-276438FC1439}.Release|Any CPU.ActiveCfg = Release|Any CPU
		{B626ACF0-780E-49D3-9E09-276438FC1439}.Release|Any CPU.Build.0 = Release|Any CPU
		{B626ACF0-780E-49D3-9E09-276438FC1439}.Release|x64.ActiveCfg = Release|Any CPU
		{B626ACF0-780E-49D3-9E09-276438FC1439}.Release|x64.Build.0 = Release|Any CPU
		{B626ACF0-780E-49D3-9E09-276438FC1439}.Release|x86.ActiveCfg = Release|Any CPU
		{B626ACF0-780E-49D3-9E09-276438FC1439}.Release|x86.Build.0 = Release|Any CPU
		{218017F0-7457-49C8-A9A8-4248A6B5D7C2}.Debug|Any CPU.ActiveCfg = Debug|Any CPU
		{218017F0-7457-49C8-A9A8-4248A6B5D7C2}.Debug|Any CPU.Build.0 = Debug|Any CPU
		{218017F0-7457-49C8-A9A8-4248A6B5D7C2}.Debug|x64.ActiveCfg = Debug|Any CPU
		{218017F0-7457-49C8-A9A8-4248A6B5D7C2}.Debug|x64.Build.0 = Debug|Any CPU
		{218017F0-7457-49C8-A9A8-4248A6B5D7C2}.Debug|x86.ActiveCfg = Debug|Any CPU
		{218017F0-7457-49C8-A9A8-4248A6B5D7C2}.Debug|x86.Build.0 = Debug|Any CPU
		{218017F0-7457-49C8-A9A8-4248A6B5D7C2}.Release|Any CPU.ActiveCfg = Release|Any CPU
		{218017F0-7457-49C8-A9A8-4248A6B5D7C2}.Release|Any CPU.Build.0 = Release|Any CPU
		{218017F0-7457-49C8-A9A8-4248A6B5D7C2}.Release|x64.ActiveCfg = Release|Any CPU
		{218017F0-7457-49C8-A9A8-4248A6B5D7C2}.Release|x64.Build.0 = Release|Any CPU
		{218017F0-7457-49C8-A9A8-4248A6B5D7C2}.Release|x86.ActiveCfg = Release|Any CPU
		{218017F0-7457-49C8-A9A8-4248A6B5D7C2}.Release|x86.Build.0 = Release|Any CPU
		{E4AEB1D7-3DBD-4F35-8B15-AB629463045B}.Debug|Any CPU.ActiveCfg = Debug|Any CPU
		{E4AEB1D7-3DBD-4F35-8B15-AB629463045B}.Debug|Any CPU.Build.0 = Debug|Any CPU
		{E4AEB1D7-3DBD-4F35-8B15-AB629463045B}.Debug|x64.ActiveCfg = Debug|Any CPU
		{E4AEB1D7-3DBD-4F35-8B15-AB629463045B}.Debug|x64.Build.0 = Debug|Any CPU
		{E4AEB1D7-3DBD-4F35-8B15-AB629463045B}.Debug|x86.ActiveCfg = Debug|Any CPU
		{E4AEB1D7-3DBD-4F35-8B15-AB629463045B}.Debug|x86.Build.0 = Debug|Any CPU
		{E4AEB1D7-3DBD-4F35-8B15-AB629463045B}.Release|Any CPU.ActiveCfg = Release|Any CPU
		{E4AEB1D7-3DBD-4F35-8B15-AB629463045B}.Release|Any CPU.Build.0 = Release|Any CPU
		{E4AEB1D7-3DBD-4F35-8B15-AB629463045B}.Release|x64.ActiveCfg = Release|Any CPU
		{E4AEB1D7-3DBD-4F35-8B15-AB629463045B}.Release|x64.Build.0 = Release|Any CPU
		{E4AEB1D7-3DBD-4F35-8B15-AB629463045B}.Release|x86.ActiveCfg = Release|Any CPU
		{E4AEB1D7-3DBD-4F35-8B15-AB629463045B}.Release|x86.Build.0 = Release|Any CPU
		{0B7AEAD4-AD6B-4110-916D-54780F8F44C1}.Debug|Any CPU.ActiveCfg = Debug|Any CPU
		{0B7AEAD4-AD6B-4110-916D-54780F8F44C1}.Debug|Any CPU.Build.0 = Debug|Any CPU
		{0B7AEAD4-AD6B-4110-916D-54780F8F44C1}.Debug|x64.ActiveCfg = Debug|Any CPU
		{0B7AEAD4-AD6B-4110-916D-54780F8F44C1}.Debug|x64.Build.0 = Debug|Any CPU
		{0B7AEAD4-AD6B-4110-916D-54780F8F44C1}.Debug|x86.ActiveCfg = Debug|Any CPU
		{0B7AEAD4-AD6B-4110-916D-54780F8F44C1}.Debug|x86.Build.0 = Debug|Any CPU
		{0B7AEAD4-AD6B-4110-916D-54780F8F44C1}.Release|Any CPU.ActiveCfg = Release|Any CPU
		{0B7AEAD4-AD6B-4110-916D-54780F8F44C1}.Release|Any CPU.Build.0 = Release|Any CPU
		{0B7AEAD4-AD6B-4110-916D-54780F8F44C1}.Release|x64.ActiveCfg = Release|Any CPU
		{0B7AEAD4-AD6B-4110-916D-54780F8F44C1}.Release|x64.Build.0 = Release|Any CPU
		{0B7AEAD4-AD6B-4110-916D-54780F8F44C1}.Release|x86.ActiveCfg = Release|Any CPU
		{0B7AEAD4-AD6B-4110-916D-54780F8F44C1}.Release|x86.Build.0 = Release|Any CPU
		{A87F83C4-E3B3-4FAE-81E4-783C9E4FEC74}.Debug|Any CPU.ActiveCfg = Debug|Any CPU
		{A87F83C4-E3B3-4FAE-81E4-783C9E4FEC74}.Debug|Any CPU.Build.0 = Debug|Any CPU
		{A87F83C4-E3B3-4FAE-81E4-783C9E4FEC74}.Debug|x64.ActiveCfg = Debug|Any CPU
		{A87F83C4-E3B3-4FAE-81E4-783C9E4FEC74}.Debug|x64.Build.0 = Debug|Any CPU
		{A87F83C4-E3B3-4FAE-81E4-783C9E4FEC74}.Debug|x86.ActiveCfg = Debug|Any CPU
		{A87F83C4-E3B3-4FAE-81E4-783C9E4FEC74}.Debug|x86.Build.0 = Debug|Any CPU
		{A87F83C4-E3B3-4FAE-81E4-783C9E4FEC74}.Release|Any CPU.ActiveCfg = Release|Any CPU
		{A87F83C4-E3B3-4FAE-81E4-783C9E4FEC74}.Release|Any CPU.Build.0 = Release|Any CPU
		{A87F83C4-E3B3-4FAE-81E4-783C9E4FEC74}.Release|x64.ActiveCfg = Release|Any CPU
		{A87F83C4-E3B3-4FAE-81E4-783C9E4FEC74}.Release|x64.Build.0 = Release|Any CPU
		{A87F83C4-E3B3-4FAE-81E4-783C9E4FEC74}.Release|x86.ActiveCfg = Release|Any CPU
		{A87F83C4-E3B3-4FAE-81E4-783C9E4FEC74}.Release|x86.Build.0 = Release|Any CPU
		{81AAA837-CEA1-40AD-BD02-775C90B272BC}.Debug|Any CPU.ActiveCfg = Debug|Any CPU
		{81AAA837-CEA1-40AD-BD02-775C90B272BC}.Debug|Any CPU.Build.0 = Debug|Any CPU
		{81AAA837-CEA1-40AD-BD02-775C90B272BC}.Debug|x64.ActiveCfg = Debug|Any CPU
		{81AAA837-CEA1-40AD-BD02-775C90B272BC}.Debug|x64.Build.0 = Debug|Any CPU
		{81AAA837-CEA1-40AD-BD02-775C90B272BC}.Debug|x86.ActiveCfg = Debug|Any CPU
		{81AAA837-CEA1-40AD-BD02-775C90B272BC}.Debug|x86.Build.0 = Debug|Any CPU
		{81AAA837-CEA1-40AD-BD02-775C90B272BC}.Release|Any CPU.ActiveCfg = Release|Any CPU
		{81AAA837-CEA1-40AD-BD02-775C90B272BC}.Release|Any CPU.Build.0 = Release|Any CPU
		{81AAA837-CEA1-40AD-BD02-775C90B272BC}.Release|x64.ActiveCfg = Release|Any CPU
		{81AAA837-CEA1-40AD-BD02-775C90B272BC}.Release|x64.Build.0 = Release|Any CPU
		{81AAA837-CEA1-40AD-BD02-775C90B272BC}.Release|x86.ActiveCfg = Release|Any CPU
		{81AAA837-CEA1-40AD-BD02-775C90B272BC}.Release|x86.Build.0 = Release|Any CPU
		{D32DC551-FFB6-401E-A882-528C1CC9DF2D}.Debug|Any CPU.ActiveCfg = Debug|Any CPU
		{D32DC551-FFB6-401E-A882-528C1CC9DF2D}.Debug|Any CPU.Build.0 = Debug|Any CPU
		{D32DC551-FFB6-401E-A882-528C1CC9DF2D}.Debug|x64.ActiveCfg = Debug|Any CPU
		{D32DC551-FFB6-401E-A882-528C1CC9DF2D}.Debug|x64.Build.0 = Debug|Any CPU
		{D32DC551-FFB6-401E-A882-528C1CC9DF2D}.Debug|x86.ActiveCfg = Debug|Any CPU
		{D32DC551-FFB6-401E-A882-528C1CC9DF2D}.Debug|x86.Build.0 = Debug|Any CPU
		{D32DC551-FFB6-401E-A882-528C1CC9DF2D}.Release|Any CPU.ActiveCfg = Release|Any CPU
		{D32DC551-FFB6-401E-A882-528C1CC9DF2D}.Release|Any CPU.Build.0 = Release|Any CPU
		{D32DC551-FFB6-401E-A882-528C1CC9DF2D}.Release|x64.ActiveCfg = Release|Any CPU
		{D32DC551-FFB6-401E-A882-528C1CC9DF2D}.Release|x64.Build.0 = Release|Any CPU
		{D32DC551-FFB6-401E-A882-528C1CC9DF2D}.Release|x86.ActiveCfg = Release|Any CPU
		{D32DC551-FFB6-401E-A882-528C1CC9DF2D}.Release|x86.Build.0 = Release|Any CPU
		{B834C53F-DC98-4D53-8902-02A29F9C279C}.Debug|Any CPU.ActiveCfg = Debug|Any CPU
		{B834C53F-DC98-4D53-8902-02A29F9C279C}.Debug|Any CPU.Build.0 = Debug|Any CPU
		{B834C53F-DC98-4D53-8902-02A29F9C279C}.Debug|x64.ActiveCfg = Debug|Any CPU
		{B834C53F-DC98-4D53-8902-02A29F9C279C}.Debug|x64.Build.0 = Debug|Any CPU
		{B834C53F-DC98-4D53-8902-02A29F9C279C}.Debug|x86.ActiveCfg = Debug|Any CPU
		{B834C53F-DC98-4D53-8902-02A29F9C279C}.Debug|x86.Build.0 = Debug|Any CPU
		{B834C53F-DC98-4D53-8902-02A29F9C279C}.Release|Any CPU.ActiveCfg = Release|Any CPU
		{B834C53F-DC98-4D53-8902-02A29F9C279C}.Release|Any CPU.Build.0 = Release|Any CPU
		{B834C53F-DC98-4D53-8902-02A29F9C279C}.Release|x64.ActiveCfg = Release|Any CPU
		{B834C53F-DC98-4D53-8902-02A29F9C279C}.Release|x64.Build.0 = Release|Any CPU
		{B834C53F-DC98-4D53-8902-02A29F9C279C}.Release|x86.ActiveCfg = Release|Any CPU
		{B834C53F-DC98-4D53-8902-02A29F9C279C}.Release|x86.Build.0 = Release|Any CPU
	EndGlobalSection
	GlobalSection(SolutionProperties) = preSolution
		HideSolutionNode = FALSE
	EndGlobalSection
	GlobalSection(NestedProjects) = preSolution
		{471D9D1B-8CCF-46A3-BC03-ED4790AD7262} = {827E0CD3-B72D-47B6-A68D-7590B98EB39B}
		{E6F7B12C-735D-468C-8703-4E2F090FE9CD} = {827E0CD3-B72D-47B6-A68D-7590B98EB39B}
		{65FCAD25-191C-42DB-B1A7-8472E7CCC2DF} = {827E0CD3-B72D-47B6-A68D-7590B98EB39B}
		{FA8932DD-9A46-428B-A638-4CA15DEDC00C} = {827E0CD3-B72D-47B6-A68D-7590B98EB39B}
		{634184E3-A1C2-4F7D-B6E2-6649649E1E7A} = {827E0CD3-B72D-47B6-A68D-7590B98EB39B}
		{51584F73-5E42-463A-B81A-3CDDA5CF837E} = {827E0CD3-B72D-47B6-A68D-7590B98EB39B}
		{B626ACF0-780E-49D3-9E09-276438FC1439} = {827E0CD3-B72D-47B6-A68D-7590B98EB39B}
		{218017F0-7457-49C8-A9A8-4248A6B5D7C2} = {0AB3BF05-4346-4AA6-1389-037BE0695223}
		{E4AEB1D7-3DBD-4F35-8B15-AB629463045B} = {674B3D0D-B3C1-BDFD-64ED-056E74CE37B3}
		{0B7AEAD4-AD6B-4110-916D-54780F8F44C1} = {674B3D0D-B3C1-BDFD-64ED-056E74CE37B3}
		{A87F83C4-E3B3-4FAE-81E4-783C9E4FEC74} = {827E0CD3-B72D-47B6-A68D-7590B98EB39B}
		{81AAA837-CEA1-40AD-BD02-775C90B272BC} = {827E0CD3-B72D-47B6-A68D-7590B98EB39B}
		{D32DC551-FFB6-401E-A882-528C1CC9DF2D} = {827E0CD3-B72D-47B6-A68D-7590B98EB39B}
		{B834C53F-DC98-4D53-8902-02A29F9C279C} = {0AB3BF05-4346-4AA6-1389-037BE0695223}
	EndGlobalSection
EndGlobal
